
Microsoft Visual Studio Solution File, Format Version 12.00
# Visual Studio Version 16
VisualStudioVersion = 16.0.29123.88
MinimumVisualStudioVersion = 10.0.40219.1
Project("{FAE04EC0-301F-11D3-BF4B-00C04F79EFBC}") = "Assignment-xiang tang", "Assignment-xiang tang\Assignment-xiang tang.csproj", "{59814FF9-2718-4B6B-A755-9D02087F390A}"
EndProject
Global
	GlobalSection(SolutionConfigurationPlatforms) = preSolution
		Debug|Any CPU = Debug|Any CPU
		Release|Any CPU = Release|Any CPU
	EndGlobalSection
	GlobalSection(ProjectConfigurationPlatforms) = postSolution
		{59814FF9-2718-4B6B-A755-9D02087F390A}.Debug|Any CPU.ActiveCfg = Debug|Any CPU
		{59814FF9-2718-4B6B-A755-9D02087F390A}.Debug|Any CPU.Build.0 = Debug|Any CPU
		{59814FF9-2718-4B6B-A755-9D02087F390A}.Release|Any CPU.ActiveCfg = Release|Any CPU
		{59814FF9-2718-4B6B-A755-9D02087F390A}.Release|Any CPU.Build.0 = Release|Any CPU
	EndGlobalSection
	GlobalSection(SolutionProperties) = preSolution
		HideSolutionNode = FALSE
	EndGlobalSection
	GlobalSection(ExtensibilityGlobals) = postSolution
		SolutionGuid = {12E38DF1-A3D4-4798-B12A-A2F0F54F0BA6}
	EndGlobalSection
EndGlobal
